{
  "name": "distance",
  "lockfileVersion": 2,
  "requires": true,
  "packages": {
    "": {
      "dependencies": {
        "bleuio": "^1.0.8"
      }
    },
    "node_modules/bleuio": {
      "version": "1.0.8",
      "resolved": "https://registry.npmjs.org/bleuio/-/bleuio-1.0.8.tgz",
      "integrity": "sha512-D8oBeW/9mlCQXSQkvyGnY39Rfw3OS04S+mb5/72ZJHe0JPJA4ZNPkouWd2jQkS5ZRXLGgynf3bWuAVZbSvYxKA=="
    }
  },
  "dependencies": {
    "bleuio": {
      "version": "1.0.8",
      "resolved": "https://registry.npmjs.org/bleuio/-/bleuio-1.0.8.tgz",
      "integrity": "sha512-D8oBeW/9mlCQXSQkvyGnY39Rfw3OS04S+mb5/72ZJHe0JPJA4ZNPkouWd2jQkS5ZRXLGgynf3bWuAVZbSvYxKA=="
    }
  }
}
